{
  "name": "brain",
  "version": "1.0.0",
  "lockfileVersion": 1,
  "requires": true,
  "dependencies": {
    "angular": {
      "version": "1.7.5",
      "resolved": "https://registry.npmjs.org/angular/-/angular-1.7.5.tgz",
      "integrity": "sha512-760183yxtGzni740IBTieNuWLtPNAoMqvmC0Z62UoU0I3nqk+VJuO3JbQAXOyvo3Oy/ZsdNQwrSTh/B0OQZjNw=="
    },
    "datum.js": {
      "version": "0.7.0",
      "resolved": "https://registry.npmjs.org/datum.js/-/datum.js-0.7.0.tgz",
      "integrity": "sha1-YWEtVS4fcYOsPwH7jDwNrmcoSas="
    }
  }
}
